<?xml version="1.0" encoding="utf-8"?>
<Project ToolsVersion="4.0" xmlns="http://schemas.microsoft.com/developer/msbuild/2003">
  <ItemGroup>
    <Filter Include="Header Files">
      <UniqueIdentifier>{93995380-89BD-4b04-88EB-625FBE52EBFB}</UniqueIdentifier>
      <Extensions>h;hpp;hxx;hm;inl;inc;xsd</Extensions>
    </Filter>
    <Filter Include="Resource Files">
      <UniqueIdentifier>{67DA6AB6-F800-4c08-8B7A-83BB121AAD01}</UniqueIdentifier>
      <Extensions>rc;ico;cur;bmp;dlg;rc2;rct;bin;rgs;gif;jpg;jpeg;jpe;resx;tiff;tif;png;wav;mfcribbon-ms</Extensions>
    </Filter>
    <Filter Include="Resource Files\Source Files">
      <UniqueIdentifier>{4FC737F1-C7A5-4376-A066-2A32D752A2FF}</UniqueIdentifier>
      <Extensions>cpp;c;cc;cxx;def;odl;idl;hpj;bat;asm;asmx</Extensions>
    </Filter>
    <Filter Include="Header Files\Util">
      <UniqueIdentifier>{785f6eca-1211-4748-9a7f-f4a1bcccbd76}</UniqueIdentifier>
    </Filter>
    <Filter Include="Resource Files\Source Files\Util">
      <UniqueIdentifier>{72c0ba11-15aa-4343-97ce-b002ed44e2e6}</UniqueIdentifier>
    </Filter>
    <Filter Include="Header Files\GameObject">
      <UniqueIdentifier>{633c65b1-098b-4246-80e9-a7e81ef75d66}</UniqueIdentifier>
    </Filter>
    <Filter Include="Resource Files\Source Files\GameObject">
      <UniqueIdentifier>{f5fe9f4a-3ba3-44a8-ba02-18cf20fb0c56}</UniqueIdentifier>
    </Filter>
    <Filter Include="Header Files\GameObject\Material">
      <UniqueIdentifier>{96007462-b4f3-4f52-add5-8d83c0bfcda5}</UniqueIdentifier>
    </Filter>
    <Filter Include="Resource Files\Source Files\GameObject\Material">
      <UniqueIdentifier>{e8979197-5ba6-4efd-ac6d-658ad69e5edb}</UniqueIdentifier>
    </Filter>
    <Filter Include="Header Files\Animation">
      <UniqueIdentifier>{caf0e841-905f-4d7a-8175-e388e1cc4dfc}</UniqueIdentifier>
    </Filter>
    <Filter Include="Resource Files\Source Files\Animation">
      <UniqueIdentifier>{15551c95-8a88-43d9-86c6-ea54a86956d7}</UniqueIdentifier>
    </Filter>
  </ItemGroup>
  <ItemGroup>
    <ClInclude Include="GLIncludes.h">
      <Filter>Header Files</Filter>
    </ClInclude>
    <ClInclude Include="ShaderFactory.h">
      <Filter>Header Files</Filter>
    </ClInclude>
    <ClInclude Include="Paths.h">
      <Filter>Header Files</Filter>
    </ClInclude>
    <ClInclude Include="Vector.h">
      <Filter>Header Files\Util</Filter>
    </ClInclude>
    <ClInclude Include="Log.h">
      <Filter>Header Files\Util</Filter>
    </ClInclude>
    <ClInclude Include="ShaderTypes.h">
      <Filter>Header Files\GameObject\Material</Filter>
    </ClInclude>
    <ClInclude Include="Shader.h">
      <Filter>Header Files\GameObject\Material</Filter>
    </ClInclude>
    <ClInclude Include="GameObject.h">
      <Filter>Header Files\GameObject</Filter>
    </ClInclude>
    <ClInclude Include="Material.h">
      <Filter>Header Files\GameObject\Material</Filter>
    </ClInclude>
    <ClInclude Include="ResourceLoader.h">
      <Filter>Header Files\Util</Filter>
    </ClInclude>
    <ClInclude Include="Transform.h">
      <Filter>Header Files\GameObject</Filter>
    </ClInclude>
    <ClInclude Include="Debug.h">
      <Filter>Header Files\Util</Filter>
    </ClInclude>
    <ClInclude Include="MD2Animation.h">
      <Filter>Header Files\Animation</Filter>
    </ClInclude>
    <ClInclude Include="EngineManager.h">
      <Filter>Header Files</Filter>
    </ClInclude>
    <ClInclude Include="Animator.h">
      <Filter>Header Files\Animation</Filter>
    </ClInclude>
    <ClInclude Include="EngineHelper.h">
      <Filter>Header Files</Filter>
    </ClInclude>
  </ItemGroup>
  <ItemGroup>
    <ClCompile Include="EngineManager.cpp">
      <Filter>Resource Files\Source Files</Filter>
    </ClCompile>
    <ClCompile Include="Main.cpp">
      <Filter>Resource Files\Source Files</Filter>
    </ClCompile>
    <ClCompile Include="ShaderFactory.cpp">
      <Filter>Resource Files\Source Files</Filter>
    </ClCompile>
    <ClCompile Include="Vector.cpp">
      <Filter>Resource Files\Source Files\Util</Filter>
    </ClCompile>
    <ClCompile Include="Log.cpp">
      <Filter>Resource Files\Source Files\Util</Filter>
    </ClCompile>
    <ClCompile Include="Shader.cpp">
      <Filter>Resource Files\Source Files\GameObject\Material</Filter>
    </ClCompile>
    <ClCompile Include="GameObject.cpp">
      <Filter>Resource Files\Source Files\GameObject</Filter>
    </ClCompile>
    <ClCompile Include="Material.cpp">
      <Filter>Resource Files\Source Files\GameObject\Material</Filter>
    </ClCompile>
    <ClCompile Include="ResourceLoader.cpp">
      <Filter>Resource Files\Source Files\Util</Filter>
    </ClCompile>
    <ClCompile Include="Transform.cpp">
      <Filter>Resource Files\Source Files\GameObject</Filter>
    </ClCompile>
    <ClCompile Include="Debug.cpp">
      <Filter>Resource Files\Source Files\Util</Filter>
    </ClCompile>
    <ClCompile Include="MD2Animation.cpp">
      <Filter>Resource Files\Source Files\Animation</Filter>
    </ClCompile>
    <ClCompile Include="Animator.cpp">
      <Filter>Resource Files\Source Files\Animation</Filter>
    </ClCompile>
    <ClCompile Include="EngineHelper.cpp">
      <Filter>Resource Files\Source Files</Filter>
    </ClCompile>
  </ItemGroup>
</Project>